
Microsoft Visual Studio Solution File, Format Version 12.00
# Visual Studio Version 17
VisualStudioVersion = 17.14.36401.2 d17.14
MinimumVisualStudioVersion = 10.0.40219.1
Project("{FAE04EC0-301F-11D3-BF4B-00C04F79EFBC}") = "TestFoodyProject", "TestFoodyProject\TestFoodyProject.csproj", "{88BFE213-D4EE-44F5-A05E-17B691598918}"
EndProject
Global
	GlobalSection(SolutionConfigurationPlatforms) = preSolution
		Debug|Any CPU = Debug|Any CPU
		Release|Any CPU = Release|Any CPU
	EndGlobalSection
	GlobalSection(ProjectConfigurationPlatforms) = postSolution
		{88BFE213-D4EE-44F5-A05E-17B691598918}.Debug|Any CPU.ActiveCfg = Debug|Any CPU
		{88BFE213-D4EE-44F5-A05E-17B691598918}.Debug|Any CPU.Build.0 = Debug|Any CPU
		{88BFE213-D4EE-44F5-A05E-17B691598918}.Release|Any CPU.ActiveCfg = Release|Any CPU
		{88BFE213-D4EE-44F5-A05E-17B691598918}.Release|Any CPU.Build.0 = Release|Any CPU
	EndGlobalSection
	GlobalSection(SolutionProperties) = preSolution
		HideSolutionNode = FALSE
	EndGlobalSection
	GlobalSection(ExtensibilityGlobals) = postSolution
		SolutionGuid = {44B3C42C-2B6A-45ED-B6E5-D1E159C803E7}
	EndGlobalSection
EndGlobal
